
Microsoft Visual Studio Solution File, Format Version 12.00
# Visual Studio Version 17
VisualStudioVersion = 17.9.34723.18
MinimumVisualStudioVersion = 10.0.40219.1
Project("{FAE04EC0-301F-11D3-BF4B-00C04F79EFBC}") = "RealismStanceReplication", "RealismStanceReplication.csproj", "{1AA325D3-9FEC-4DFD-B65C-A8054365E44A}"
EndProject
Global
	GlobalSection(SolutionConfigurationPlatforms) = preSolution
		Debug|Any CPU = Debug|Any CPU
		Release|Any CPU = Release|Any CPU
	EndGlobalSection
	GlobalSection(ProjectConfigurationPlatforms) = postSolution
		{1AA325D3-9FEC-4DFD-B65C-A8054365E44A}.Debug|Any CPU.ActiveCfg = Debug|Any CPU
		{1AA325D3-9FEC-4DFD-B65C-A8054365E44A}.Debug|Any CPU.Build.0 = Debug|Any CPU
		{1AA325D3-9FEC-4DFD-B65C-A8054365E44A}.Release|Any CPU.ActiveCfg = Release|Any CPU
		{1AA325D3-9FEC-4DFD-B65C-A8054365E44A}.Release|Any CPU.Build.0 = Release|Any CPU
	EndGlobalSection
	GlobalSection(SolutionProperties) = preSolution
		HideSolutionNode = FALSE
	EndGlobalSection
	GlobalSection(ExtensibilityGlobals) = postSolution
		SolutionGuid = {41600073-9D7F-4472-AC2C-C6397641ACD0}
	EndGlobalSection
EndGlobal
